
Microsoft Visual Studio Solution File, Format Version 12.00
# Visual Studio Version 17
VisualStudioVersion = 17.2.32422.2
MinimumVisualStudioVersion = 10.0.40219.1
Project("{9A19103F-16F7-4668-BE54-9A1E7A4F7556}") = "Service", "Service\Service.csproj", "{BF126326-3393-407C-B24A-8FCCC388BE27}"
EndProject
Project("{9A19103F-16F7-4668-BE54-9A1E7A4F7556}") = "Client", "Client\Client.csproj", "{B533CADA-93BB-40E1-8FBA-FE37100062C3}"
EndProject
Project("{FAE04EC0-301F-11D3-BF4B-00C04F79EFBC}") = "CreditCardToken", "CreditCardTokenLibrary\CreditCardToken.csproj", "{B6AA72DA-1BFD-40A0-B2DE-9B82FF0C3F37}"
EndProject
Project("{FAE04EC0-301F-11D3-BF4B-00C04F79EFBC}") = "CreditCardTokenCoreWcf", "CreditCardTokenLibraryCoreWcf\CreditCardTokenCoreWcf.csproj", "{B4DDB17B-25D9-44F5-A169-88FAB0C5481D}"
EndProject
Global
	GlobalSection(SolutionConfigurationPlatforms) = preSolution
		Debug|Any CPU = Debug|Any CPU
		Release|Any CPU = Release|Any CPU
	EndGlobalSection
	GlobalSection(ProjectConfigurationPlatforms) = postSolution
		{BF126326-3393-407C-B24A-8FCCC388BE27}.Debug|Any CPU.ActiveCfg = Debug|Any CPU
		{BF126326-3393-407C-B24A-8FCCC388BE27}.Debug|Any CPU.Build.0 = Debug|Any CPU
		{BF126326-3393-407C-B24A-8FCCC388BE27}.Release|Any CPU.ActiveCfg = Release|Any CPU
		{BF126326-3393-407C-B24A-8FCCC388BE27}.Release|Any CPU.Build.0 = Release|Any CPU
		{B533CADA-93BB-40E1-8FBA-FE37100062C3}.Debug|Any CPU.ActiveCfg = Debug|Any CPU
		{B533CADA-93BB-40E1-8FBA-FE37100062C3}.Debug|Any CPU.Build.0 = Debug|Any CPU
		{B533CADA-93BB-40E1-8FBA-FE37100062C3}.Release|Any CPU.ActiveCfg = Release|Any CPU
		{B533CADA-93BB-40E1-8FBA-FE37100062C3}.Release|Any CPU.Build.0 = Release|Any CPU
		{B6AA72DA-1BFD-40A0-B2DE-9B82FF0C3F37}.Debug|Any CPU.ActiveCfg = Debug|Any CPU
		{B6AA72DA-1BFD-40A0-B2DE-9B82FF0C3F37}.Debug|Any CPU.Build.0 = Debug|Any CPU
		{B6AA72DA-1BFD-40A0-B2DE-9B82FF0C3F37}.Release|Any CPU.ActiveCfg = Release|Any CPU
		{B6AA72DA-1BFD-40A0-B2DE-9B82FF0C3F37}.Release|Any CPU.Build.0 = Release|Any CPU
		{B4DDB17B-25D9-44F5-A169-88FAB0C5481D}.Debug|Any CPU.ActiveCfg = Debug|Any CPU
		{B4DDB17B-25D9-44F5-A169-88FAB0C5481D}.Debug|Any CPU.Build.0 = Debug|Any CPU
		{B4DDB17B-25D9-44F5-A169-88FAB0C5481D}.Release|Any CPU.ActiveCfg = Release|Any CPU
		{B4DDB17B-25D9-44F5-A169-88FAB0C5481D}.Release|Any CPU.Build.0 = Release|Any CPU
	EndGlobalSection
	GlobalSection(SolutionProperties) = preSolution
		HideSolutionNode = FALSE
	EndGlobalSection
	GlobalSection(ExtensibilityGlobals) = postSolution
		SolutionGuid = {AD996EFD-70DC-4431-B411-5A2771DD02D3}
	EndGlobalSection
EndGlobal
